schema: '2.0'
stages:
  load_data:
    cmd: python src/load_data.py --config=params.yaml
    deps:
    - path: data_given/winequality.csv
      md5: ccc8d3507eb151f53f760d36abdef888
      size: 91998
    - path: src/get_data.py
      md5: db7730736da9e3274083bc90eccf7000
      size: 656
    - path: src/load_data.py
      md5: 83e38266186f95407ed7a771948e227b
      size: 665
    outs:
    - path: data/raw/winequality.csv
      hash: md5
      md5: 069b522b0321bc25a626ceeffcb8eb44
      size: 93598
  split_data:
    cmd: python src/split_data.py --config=params.yaml
    deps:
    - path: data/raw/winequality.csv
      hash: md5
      md5: 069b522b0321bc25a626ceeffcb8eb44
      size: 93598
    - path: src/split_data.py
      md5: d0b79a27bd3db7325015bcec9ce3f589
      size: 1070
    outs:
    - path: data/processed/test_winequality.csv
      hash: md5
      md5: ee3284843265e5855bc07dd6427ab1c2
      size: 18831
    - path: data/processed/train_winequality.csv
      hash: md5
      md5: 81dce00e053ba5ebabeacf8e7dca537a
      size: 74913
  train_and_evaluate:
    cmd: python src/train_and_evaluate.py --config=params.yaml
    deps:
    - path: data/processed/test_winequality.csv
      hash: md5
      md5: ee3284843265e5855bc07dd6427ab1c2
      size: 18831
    - path: data/processed/train_winequality.csv
      hash: md5
      md5: 81dce00e053ba5ebabeacf8e7dca537a
      size: 74913
    - path: src/train_and_evaluate.py
      hash: md5
      md5: b1fee6e899782ef4e7fe043316168dd8
      size: 3686
    params:
      params.yaml:
        estimators.ElasticNet.params.alpha: 0.9
        estimators.ElasticNet.params.l1_ratio: 0.89
    outs:
    - path: report/params.json
      hash: md5
      md5: 86fed03d09873f342d6b60f6cbe9f411
      size: 45
    - path: report/scores.json
      hash: md5
      md5: 1472690b448aaab07853732ed0da0541
      size: 100
    - path: saved_models/model.joblib
      hash: md5
      md5: b6d6e2ebf3c06c0bdc282845c40d8eae
      size: 1279
  log_production_model:
    cmd: python src/log_production_model.py --config=params.yaml
    deps:
    - path: params.yaml
      hash: md5
      md5: 2da8a17bc1f60dcff126778b1305cd9f
      size: 811
    - path: saved_models/model.joblib
      hash: md5
      md5: b6d6e2ebf3c06c0bdc282845c40d8eae
      size: 1279
    - path: src/log_production_model.py
      hash: md5
      md5: ab719e8f27161eeb2a3d1d5ff463bfa1
      size: 3000
